
Microsoft Visual Studio Solution File, Format Version 12.00
# Visual Studio Version 17
VisualStudioVersion = 17.4.33122.133
MinimumVisualStudioVersion = 10.0.40219.1
Project("{FAE04EC0-301F-11D3-BF4B-00C04F79EFBC}") = "Cs Method practice 2 2", "Cs Method practice 2 2\Cs Method practice 2 2.csproj", "{1F616190-A128-4814-820E-07777FAE2DEF}"
EndProject
Global
	GlobalSection(SolutionConfigurationPlatforms) = preSolution
		Debug|Any CPU = Debug|Any CPU
		Release|Any CPU = Release|Any CPU
	EndGlobalSection
	GlobalSection(ProjectConfigurationPlatforms) = postSolution
		{1F616190-A128-4814-820E-07777FAE2DEF}.Debug|Any CPU.ActiveCfg = Debug|Any CPU
		{1F616190-A128-4814-820E-07777FAE2DEF}.Debug|Any CPU.Build.0 = Debug|Any CPU
		{1F616190-A128-4814-820E-07777FAE2DEF}.Release|Any CPU.ActiveCfg = Release|Any CPU
		{1F616190-A128-4814-820E-07777FAE2DEF}.Release|Any CPU.Build.0 = Release|Any CPU
	EndGlobalSection
	GlobalSection(SolutionProperties) = preSolution
		HideSolutionNode = FALSE
	EndGlobalSection
	GlobalSection(ExtensibilityGlobals) = postSolution
		SolutionGuid = {E107DAC4-44E6-497E-835D-C78C991C0061}
	EndGlobalSection
EndGlobal
